{
  "name": "electron-react",
  "version": "1.0.0",
  "lockfileVersion": 1,
  "requires": true,
  "dependencies": {
    "@wnpm/lurker": {
      "version": "0.0.3-beta.14",
      "resolved": "http://registry.corp.bianlifeng.com/@wnpm/lurker/download/@wnpm/lurker-0.0.3-beta.14.tgz",
      "integrity": "sha1-RqGQiZGZnvKkfeLqq1KCiBuxbgg="
    },
    "@wnpm/pexs": {
      "version": "3.2.6-alpha.10",
      "resolved": "http://registry.corp.bianlifeng.com/@wnpm/pexs/download/@wnpm/pexs-3.2.6-alpha.10.tgz",
      "integrity": "sha1-IspXOZwDVy/BwmWXA2/HyGPc2iM=",
      "requires": {
        "antd": "3.2.2",
        "mobx": "3.1.9",
        "mobx-react": "4.1.8",
        "worm-fetch": "1.0.9"
      },
      "dependencies": {
        "antd": {
          "version": "3.2.2",
          "resolved": "http://registry.corp.bianlifeng.com/antd/download/antd-3.2.2.tgz",
          "integrity": "sha1-Uiq/7lLTuhGUzzlOS4V/IIxcPJo=",
          "requires": {
            "array-tree-filter": "2.1.0",
            "babel-runtime": "6.26.0",
            "classnames": "2.2.6",
            "create-react-class": "15.6.3",
            "css-animation": "1.4.1",
            "dom-closest": "0.2.0",
            "enquire.js": "2.1.6",
            "lodash.debounce": "4.0.8",
            "lodash.uniqby": "4.7.0",
            "moment": "2.22.2",
            "omit.js": "1.0.0",
            "prop-types": "15.6.2",
            "rc-animate": "2.5.4",
            "rc-calendar": "9.5.0",
            "rc-cascader": "0.12.2",
            "rc-checkbox": "2.1.5",
            "rc-collapse": "1.8.0",
            "rc-dialog": "7.1.8",
            "rc-dropdown": "2.1.2",
            "rc-editor-mention": "1.1.8",
            "rc-form": "2.2.6",
            "rc-input-number": "4.0.13",
            "rc-menu": "6.2.11",
            "rc-notification": "3.0.1",
            "rc-pagination": "1.15.2",
            "rc-progress": "2.2.6",
            "rc-rate": "2.4.2",
            "rc-select": "7.7.8",
            "rc-slider": "8.6.3",
            "rc-steps": "3.1.1",
            "rc-switch": "1.6.0",
            "rc-table": "6.1.15",
            "rc-tabs": "9.2.6",
            "rc-time-picker": "3.2.1",
            "rc-tooltip": "3.7.3",
            "rc-tree": "1.7.11",
            "rc-tree-select": "1.12.13",
            "rc-upload": "2.4.4",
            "rc-util": "4.6.0",
            "react-lazy-load": "3.0.13",
            "react-slick": "0.17.1",
            "shallowequal": "1.1.0",
            "warning": "3.0.0"
          }
        }
      }
    },
    "add-dom-event-listener": {
      "version": "1.1.0",
      "resolved": "http://registry.corp.bianlifeng.com/add-dom-event-listener/download/add-dom-event-listener-1.1.0.tgz",
      "integrity": "sha1-apLbOg3Qq8JU4JXA8dwUrLuq4xA=",
      "requires": {
        "object-assign": "4.1.1"
      }
    },
    "ansi-escapes": {
      "version": "1.4.0",
      "resolved": "http://registry.corp.bianlifeng.com/ansi-escapes/download/ansi-escapes-1.4.0.tgz",
      "integrity": "sha1-06ioOzGapneTZisT52HHkRQiMG4="
    },
    "ansi-regex": {
      "version": "2.1.1",
      "resolved": "http://registry.corp.bianlifeng.com/ansi-regex/download/ansi-regex-2.1.1.tgz",
      "integrity": "sha1-w7M6te42DYbg5ijwRorn7yfWVN8="
    },
    "ansi-styles": {
      "version": "2.2.1",
      "resolved": "http://registry.corp.bianlifeng.com/ansi-styles/download/ansi-styles-2.2.1.tgz",
      "integrity": "sha1-tDLdM1i2NM914eRmQ2gkBTPB3b4="
    },
    "array-tree-filter": {
      "version": "2.1.0",
      "resolved": "http://registry.corp.bianlifeng.com/array-tree-filter/download/array-tree-filter-2.1.0.tgz",
      "integrity": "sha1-hzrAD+yDdJ8lWsjdCDgUtPYykZA="
    },
    "asap": {
      "version": "2.0.6",
      "resolved": "http://registry.corp.bianlifeng.com/asap/download/asap-2.0.6.tgz",
      "integrity": "sha1-5QNHYR1+aQlDIIu9r+vLwvuGbUY="
    },
    "async-validator": {
      "version": "1.8.5",
      "resolved": "http://registry.corp.bianlifeng.com/async-validator/download/async-validator-1.8.5.tgz",
      "integrity": "sha1-3D4I7B/Q3dtn5ghC8CwM0c7G1/A=",
      "requires": {
        "babel-runtime": "6.26.0"
      }
    },
    "babel-polyfill": {
      "version": "6.23.0",
      "resolved": "http://registry.corp.bianlifeng.com/babel-polyfill/download/babel-polyfill-6.23.0.tgz",
      "integrity": "sha1-g2TKYt+Or7gwSZ9pkXdGbDsDSZ0=",
      "requires": {
        "babel-runtime": "6.26.0",
        "core-js": "2.5.7",
        "regenerator-runtime": "0.10.5"
      },
      "dependencies": {
        "regenerator-runtime": {
          "version": "0.10.5",
          "resolved": "http://registry.corp.bianlifeng.com/regenerator-runtime/download/regenerator-runtime-0.10.5.tgz",
          "integrity": "sha1-M2w+/BIgrc7dosn6tntaeVWjNlg="
        }
      }
    },
    "babel-runtime": {
      "version": "6.26.0",
      "resolved": "http://registry.corp.bianlifeng.com/babel-runtime/download/babel-runtime-6.26.0.tgz",
      "integrity": "sha1-llxwWGaOgrVde/4E/yM3vItWR/4=",
      "requires": {
        "core-js": "2.5.7",
        "regenerator-runtime": "0.11.1"
      }
    },
    "can-use-dom": {
      "version": "0.1.0",
      "resolved": "http://registry.corp.bianlifeng.com/can-use-dom/download/can-use-dom-0.1.0.tgz",
      "integrity": "sha1-IsxKNKCrxDlQ9CxkEQJKP2NmtFo="
    },
    "chalk": {
      "version": "1.1.3",
      "resolved": "http://registry.corp.bianlifeng.com/chalk/download/chalk-1.1.3.tgz",
      "integrity": "sha1-qBFcVeSnAv5NFQq9OHKCKn4J/Jg=",
      "requires": {
        "ansi-styles": "2.2.1",
        "escape-string-regexp": "1.0.5",
        "has-ansi": "2.0.0",
        "strip-ansi": "3.0.1",
        "supports-color": "2.0.0"
      }
    },
    "chardet": {
      "version": "0.4.2",
      "resolved": "http://registry.corp.bianlifeng.com/chardet/download/chardet-0.4.2.tgz",
      "integrity": "sha1-tUc7M9yXxCTl2Y3IfVXU2KKci/I="
    },
    "classnames": {
      "version": "2.2.6",
      "resolved": "http://registry.corp.bianlifeng.com/classnames/download/classnames-2.2.6.tgz",
      "integrity": "sha1-Q5Nb/90pHzJtrQogUwmzjQD2UM4="
    },
    "cli-cursor": {
      "version": "2.1.0",
      "resolved": "http://registry.corp.bianlifeng.com/cli-cursor/download/cli-cursor-2.1.0.tgz",
      "integrity": "sha1-s12sN2R5+sw+lHR9QdDQ9SOP/LU=",
      "requires": {
        "restore-cursor": "2.0.0"
      }
    },
    "cli-width": {
      "version": "2.2.0",
      "resolved": "http://registry.corp.bianlifeng.com/cli-width/download/cli-width-2.2.0.tgz",
      "integrity": "sha1-/xnt6Kml5XkyQUewwR8PvLq+1jk="
    },
    "component-classes": {
      "version": "1.2.6",
      "resolved": "http://registry.corp.bianlifeng.com/component-classes/download/component-classes-1.2.6.tgz",
      "integrity": "sha1-xkI5TDYYpNiwuJGe/Mu9kw5c1pE=",
      "requires": {
        "component-indexof": "0.0.3"
      }
    },
    "component-indexof": {
      "version": "0.0.3",
      "resolved": "http://registry.corp.bianlifeng.com/component-indexof/download/component-indexof-0.0.3.tgz",
      "integrity": "sha1-EdCRMSI5648yyPJa6csAL/6NPCQ="
    },
    "core-js": {
      "version": "2.5.7",
      "resolved": "http://registry.corp.bianlifeng.com/core-js/download/core-js-2.5.7.tgz",
      "integrity": "sha1-+XJgj/DOrWi4QaFqky0LGDeRgU4="
    },
    "create-react-class": {
      "version": "15.6.3",
      "resolved": "http://registry.corp.bianlifeng.com/create-react-class/download/create-react-class-15.6.3.tgz",
      "integrity": "sha1-LXMjf7P5cK5uvgEanmb0bbyoADY=",
      "requires": {
        "fbjs": "0.8.17",
        "loose-envify": "1.4.0",
        "object-assign": "4.1.1"
      }
    },
    "css-animation": {
      "version": "1.4.1",
      "resolved": "http://registry.corp.bianlifeng.com/css-animation/download/css-animation-1.4.1.tgz",
      "integrity": "sha1-W4gTEl3g+7uwu+G0cq6EIhRpt6g=",
      "requires": {
        "babel-runtime": "6.26.0",
        "component-classes": "1.2.6"
      }
    },
    "dom-align": {
      "version": "1.8.0",
      "resolved": "http://registry.corp.bianlifeng.com/dom-align/download/dom-align-1.8.0.tgz",
      "integrity": "sha1-wOibW2dMboNs0kjFLCmSE18JNlQ="
    },
    "dom-closest": {
      "version": "0.2.0",
      "resolved": "http://registry.corp.bianlifeng.com/dom-closest/download/dom-closest-0.2.0.tgz",
      "integrity": "sha1-69n5HRvyLo1vR3h2u80+yQIWwM8=",
      "requires": {
        "dom-matches": "2.0.0"
      }
    },
    "dom-matches": {
      "version": "2.0.0",
      "resolved": "http://registry.corp.bianlifeng.com/dom-matches/download/dom-matches-2.0.0.tgz",
      "integrity": "sha1-0nKLQWqHUzmA6wibhI0lPPI6dYw="
    },
    "dom-scroll-into-view": {
      "version": "1.2.1",
      "resolved": "http://registry.corp.bianlifeng.com/dom-scroll-into-view/download/dom-scroll-into-view-1.2.1.tgz",
      "integrity": "sha1-6PNnMt0ImwIBqI14Fdw/iObWbH4="
    },
    "draft-js": {
      "version": "0.10.5",
      "resolved": "http://registry.corp.bianlifeng.com/draft-js/download/draft-js-0.10.5.tgz",
      "integrity": "sha1-v6m+sBj+BTPbsI1mdcNxprCPp0I=",
      "requires": {
        "fbjs": "0.8.17",
        "immutable": "3.7.6",
        "object-assign": "4.1.1"
      },
      "dependencies": {
        "immutable": {
          "version": "3.7.6",
          "resolved": "http://registry.corp.bianlifeng.com/immutable/download/immutable-3.7.6.tgz",
          "integrity": "sha1-E7TTyxK++hVIKib+Gy665kAHHks="
        }
      }
    },
    "encoding": {
      "version": "0.1.12",
      "resolved": "http://registry.corp.bianlifeng.com/encoding/download/encoding-0.1.12.tgz",
      "integrity": "sha1-U4tm8+5izRq1HsMjgp0flIDHS+s=",
      "requires": {
        "iconv-lite": "0.4.24"
      }
    },
    "enquire.js": {
      "version": "2.1.6",
      "resolved": "http://registry.corp.bianlifeng.com/enquire.js/download/enquire.js-2.1.6.tgz",
      "integrity": "sha1-PoeAybi4NQhMP2DhZtvDwqPImBQ="
    },
    "escape-string-regexp": {
      "version": "1.0.5",
      "resolved": "http://registry.corp.bianlifeng.com/escape-string-regexp/download/escape-string-regexp-1.0.5.tgz",
      "integrity": "sha1-G2HAViGQqN/2rjuyzwIAyhMLhtQ="
    },
    "eventlistener": {
      "version": "0.0.1",
      "resolved": "http://registry.corp.bianlifeng.com/eventlistener/download/eventlistener-0.0.1.tgz",
      "integrity": "sha1-7Suqu4UiJ68rz4iRUscsY8pTLrg="
    },
    "external-editor": {
      "version": "2.2.0",
      "resolved": "http://registry.corp.bianlifeng.com/external-editor/download/external-editor-2.2.0.tgz",
      "integrity": "sha1-BFURz9jRM/OEZnPRBHwVTiFK09U=",
      "requires": {
        "chardet": "0.4.2",
        "iconv-lite": "0.4.24",
        "tmp": "0.0.33"
      }
    },
    "fbjs": {
      "version": "0.8.17",
      "resolved": "http://registry.corp.bianlifeng.com/fbjs/download/fbjs-0.8.17.tgz",
      "integrity": "sha1-xNWY6taUkRJlPWWIsBpc3Nn5D90=",
      "requires": {
        "core-js": "1.2.7",
        "isomorphic-fetch": "2.2.1",
        "loose-envify": "1.4.0",
        "object-assign": "4.1.1",
        "promise": "7.3.1",
        "setimmediate": "1.0.5",
        "ua-parser-js": "0.7.19"
      },
      "dependencies": {
        "core-js": {
          "version": "1.2.7",
          "resolved": "http://registry.corp.bianlifeng.com/core-js/download/core-js-1.2.7.tgz",
          "integrity": "sha1-ZSKUwUZR2yj6k70tX/KYOk8IxjY="
        }
      }
    },
    "figures": {
      "version": "2.0.0",
      "resolved": "http://registry.corp.bianlifeng.com/figures/download/figures-2.0.0.tgz",
      "integrity": "sha1-OrGi0qYsi/tDGgyUy3l6L84nyWI=",
      "requires": {
        "escape-string-regexp": "1.0.5"
      }
    },
    "hammerjs": {
      "version": "2.0.8",
      "resolved": "http://registry.corp.bianlifeng.com/hammerjs/download/hammerjs-2.0.8.tgz",
      "integrity": "sha1-BO93hiz/K7edMPdpIJWTAiK/YPE="
    },
    "has-ansi": {
      "version": "2.0.0",
      "resolved": "http://registry.corp.bianlifeng.com/has-ansi/download/has-ansi-2.0.0.tgz",
      "integrity": "sha1-NPUEnOHs3ysGSa8+8k5F7TVBbZE=",
      "requires": {
        "ansi-regex": "2.1.1"
      }
    },
    "hoist-non-react-statics": {
      "version": "2.5.5",
      "resolved": "http://registry.corp.bianlifeng.com/hoist-non-react-statics/download/hoist-non-react-statics-2.5.5.tgz",
      "integrity": "sha1-xZA89AnA39kI84jmGdhrnBF0y0c="
    },
    "iconv-lite": {
      "version": "0.4.24",
      "resolved": "http://registry.corp.bianlifeng.com/iconv-lite/download/iconv-lite-0.4.24.tgz",
      "integrity": "sha1-ICK0sl+93CHS9SSXSkdKr+czkIs=",
      "requires": {
        "safer-buffer": "2.1.2"
      }
    },
    "immutable": {
      "version": "3.8.2",
      "resolved": "http://registry.corp.bianlifeng.com/immutable/download/immutable-3.8.2.tgz",
      "integrity": "sha1-wkOZUUVbs5kT2vKBN28VMOEErfM="
    },
    "inquirer": {
      "version": "3.0.6",
      "resolved": "http://registry.corp.bianlifeng.com/inquirer/download/inquirer-3.0.6.tgz",
      "integrity": "sha1-4EqqnQW3o8ubD0B9BDdfBEcZA0c=",
      "requires": {
        "ansi-escapes": "1.4.0",
        "chalk": "1.1.3",
        "cli-cursor": "2.1.0",
        "cli-width": "2.2.0",
        "external-editor": "2.2.0",
        "figures": "2.0.0",
        "lodash": "4.17.11",
        "mute-stream": "0.0.7",
        "run-async": "2.3.0",
        "rx": "4.1.0",
        "string-width": "2.1.1",
        "strip-ansi": "3.0.1",
        "through": "2.3.8"
      }
    },
    "is-fullwidth-code-point": {
      "version": "2.0.0",
      "resolved": "http://registry.corp.bianlifeng.com/is-fullwidth-code-point/download/is-fullwidth-code-point-2.0.0.tgz",
      "integrity": "sha1-o7MKXE8ZkYMWeqq5O+764937ZU8="
    },
    "is-negative-zero": {
      "version": "2.0.0",
      "resolved": "http://registry.corp.bianlifeng.com/is-negative-zero/download/is-negative-zero-2.0.0.tgz",
      "integrity": "sha1-lVOxIbD6wohp2p7UWeIMdUN4hGE="
    },
    "is-promise": {
      "version": "2.1.0",
      "resolved": "http://registry.corp.bianlifeng.com/is-promise/download/is-promise-2.1.0.tgz",
      "integrity": "sha1-eaKp7OfwlugPNtKy87wWwf9L8/o="
    },
    "is-stream": {
      "version": "1.1.0",
      "resolved": "http://registry.corp.bianlifeng.com/is-stream/download/is-stream-1.1.0.tgz",
      "integrity": "sha1-EtSj3U5o4Lec6428hBc66A2RykQ="
    },
    "isomorphic-fetch": {
      "version": "2.2.1",
      "resolved": "http://registry.corp.bianlifeng.com/isomorphic-fetch/download/isomorphic-fetch-2.2.1.tgz",
      "integrity": "sha1-YRrhrPFPXoH3KVB0coGf6XM1WKk=",
      "requires": {
        "node-fetch": "1.7.3",
        "whatwg-fetch": "3.0.0"
      }
    },
    "js-tokens": {
      "version": "4.0.0",
      "resolved": "http://registry.corp.bianlifeng.com/js-tokens/download/js-tokens-4.0.0.tgz",
      "integrity": "sha1-GSA/tZmR35jjoocFDUZHzerzJJk="
    },
    "json2mq": {
      "version": "0.2.0",
      "resolved": "http://registry.corp.bianlifeng.com/json2mq/download/json2mq-0.2.0.tgz",
      "integrity": "sha1-tje9O6nqvhIsg+lyBIOusQ0skEo=",
      "requires": {
        "string-convert": "0.2.1"
      }
    },
    "lodash": {
      "version": "4.17.11",
      "resolved": "http://registry.corp.bianlifeng.com/lodash/download/lodash-4.17.11.tgz",
      "integrity": "sha1-s56mIp72B+zYniyN8SU2iRysm40="
    },
    "lodash._getnative": {
      "version": "3.9.1",
      "resolved": "http://registry.corp.bianlifeng.com/lodash._getnative/download/lodash._getnative-3.9.1.tgz",
      "integrity": "sha1-VwvH3t5G1hzc3mh9ZdPuy6o6r/U="
    },
    "lodash.debounce": {
      "version": "4.0.8",
      "resolved": "http://registry.corp.bianlifeng.com/lodash.debounce/download/lodash.debounce-4.0.8.tgz",
      "integrity": "sha1-gteb/zCmfEAF/9XiUVMArZyk168="
    },
    "lodash.isarguments": {
      "version": "3.1.0",
      "resolved": "http://registry.corp.bianlifeng.com/lodash.isarguments/download/lodash.isarguments-3.1.0.tgz",
      "integrity": "sha1-L1c9hcaiQon/AGY7SRwdM4/zRYo="
    },
    "lodash.isarray": {
      "version": "3.0.4",
      "resolved": "http://registry.corp.bianlifeng.com/lodash.isarray/download/lodash.isarray-3.0.4.tgz",
      "integrity": "sha1-eeTriMNqgSKvhvhEqpvNhRtfu1U="
    },
    "lodash.keys": {
      "version": "3.1.2",
      "resolved": "http://registry.corp.bianlifeng.com/lodash.keys/download/lodash.keys-3.1.2.tgz",
      "integrity": "sha1-TbwEcrFWvlCgsoaFXRvQsMZWCYo=",
      "requires": {
        "lodash._getnative": "3.9.1",
        "lodash.isarguments": "3.1.0",
        "lodash.isarray": "3.0.4"
      }
    },
    "lodash.throttle": {
      "version": "4.1.1",
      "resolved": "http://registry.corp.bianlifeng.com/lodash.throttle/download/lodash.throttle-4.1.1.tgz",
      "integrity": "sha1-wj6RtxAkKscMN/HhzaknTMOb8vQ="
    },
    "lodash.uniqby": {
      "version": "4.7.0",
      "resolved": "http://registry.corp.bianlifeng.com/lodash.uniqby/download/lodash.uniqby-4.7.0.tgz",
      "integrity": "sha1-2ZwHpmnp5tJOE2Lf4mbGdhavEwI="
    },
    "loose-envify": {
      "version": "1.4.0",
      "resolved": "http://registry.corp.bianlifeng.com/loose-envify/download/loose-envify-1.4.0.tgz",
      "integrity": "sha1-ce5R+nvkyuwaY4OffmgtgTLTDK8=",
      "requires": {
        "js-tokens": "4.0.0"
      }
    },
    "mimic-fn": {
      "version": "1.2.0",
      "resolved": "http://registry.corp.bianlifeng.com/mimic-fn/download/mimic-fn-1.2.0.tgz",
      "integrity": "sha1-ggyGo5M0ZA6ZUWkovQP8qIBX0CI="
    },
    "mini-store": {
      "version": "1.1.2",
      "resolved": "http://registry.corp.bianlifeng.com/mini-store/download/mini-store-1.1.2.tgz",
      "integrity": "sha1-zBUOCHjggMpYIZ1H/M7+/iya6j4=",
      "requires": {
        "hoist-non-react-statics": "2.5.5",
        "prop-types": "15.6.2",
        "react-lifecycles-compat": "3.0.4",
        "shallowequal": "1.1.0"
      }
    },
    "minimist": {
      "version": "1.2.0",
      "resolved": "http://registry.corp.bianlifeng.com/minimist/download/minimist-1.2.0.tgz",
      "integrity": "sha1-o1AIsg9BOD7sH7kU9M1d95omQoQ="
    },
    "mobx": {
      "version": "3.1.9",
      "resolved": "http://registry.corp.bianlifeng.com/mobx/download/mobx-3.1.9.tgz",
      "integrity": "sha1-7Ur52HT/YDLHr5H8G4fZ0zEipVc="
    },
    "mobx-react": {
      "version": "4.1.8",
      "resolved": "http://registry.corp.bianlifeng.com/mobx-react/download/mobx-react-4.1.8.tgz",
      "integrity": "sha1-W2NsAcWZu+4kjAXFqrbHekGrB/k=",
      "requires": {
        "hoist-non-react-statics": "1.2.0"
      },
      "dependencies": {
        "hoist-non-react-statics": {
          "version": "1.2.0",
          "resolved": "http://registry.corp.bianlifeng.com/hoist-non-react-statics/download/hoist-non-react-statics-1.2.0.tgz",
          "integrity": "sha1-qkSM8JhtVcxAdzsXF0t90GbLfPs="
        }
      }
    },
    "moment": {
      "version": "2.22.2",
      "resolved": "http://registry.corp.bianlifeng.com/moment/download/moment-2.22.2.tgz",
      "integrity": "sha1-PCV/mDn8DpP/UxSWMiOeuQeD/2Y="
    },
    "mute-stream": {
      "version": "0.0.7",
      "resolved": "http://registry.corp.bianlifeng.com/mute-stream/download/mute-stream-0.0.7.tgz",
      "integrity": "sha1-MHXOk7whuPq0PhvE2n6BFe0ee6s="
    },
    "node-fetch": {
      "version": "1.7.3",
      "resolved": "http://registry.corp.bianlifeng.com/node-fetch/download/node-fetch-1.7.3.tgz",
      "integrity": "sha1-mA9vcthSEaU0fGsrwYxbhMPrR+8=",
      "requires": {
        "encoding": "0.1.12",
        "is-stream": "1.1.0"
      }
    },
    "object-assign": {
      "version": "4.1.1",
      "resolved": "http://registry.corp.bianlifeng.com/object-assign/download/object-assign-4.1.1.tgz",
      "integrity": "sha1-IQmtx5ZYh8/AXLvUQsrIv7s2CGM="
    },
    "omit.js": {
      "version": "1.0.0",
      "resolved": "http://registry.corp.bianlifeng.com/omit.js/download/omit.js-1.0.0.tgz",
      "integrity": "sha1-4BPLhqdRe5z298+w3bQpclapkog=",
      "requires": {
        "babel-runtime": "6.26.0"
      }
    },
    "onetime": {
      "version": "2.0.1",
      "resolved": "http://registry.corp.bianlifeng.com/onetime/download/onetime-2.0.1.tgz",
      "integrity": "sha1-BnQoIw/WdEOyeUsiu6UotoZ5YtQ=",
      "requires": {
        "mimic-fn": "1.2.0"
      }
    },
    "opencollective": {
      "version": "1.0.3",
      "resolved": "http://registry.corp.bianlifeng.com/opencollective/download/opencollective-1.0.3.tgz",
      "integrity": "sha1-ruY3K8KBRFg2kMPKja7PwSDdDvE=",
      "requires": {
        "babel-polyfill": "6.23.0",
        "chalk": "1.1.3",
        "inquirer": "3.0.6",
        "minimist": "1.2.0",
        "node-fetch": "1.6.3",
        "opn": "4.0.2"
      },
      "dependencies": {
        "node-fetch": {
          "version": "1.6.3",
          "resolved": "http://registry.corp.bianlifeng.com/node-fetch/download/node-fetch-1.6.3.tgz",
          "integrity": "sha1-3CNO3WSJmC1Y6PDbT2lQKavNjAQ=",
          "requires": {
            "encoding": "0.1.12",
            "is-stream": "1.1.0"
          }
        }
      }
    },
    "opn": {
      "version": "4.0.2",
      "resolved": "http://registry.corp.bianlifeng.com/opn/download/opn-4.0.2.tgz",
      "integrity": "sha1-erwi5kTf9jsKltWrfyeQwPAavJU=",
      "requires": {
        "object-assign": "4.1.1",
        "pinkie-promise": "2.0.1"
      }
    },
    "os-tmpdir": {
      "version": "1.0.2",
      "resolved": "http://registry.corp.bianlifeng.com/os-tmpdir/download/os-tmpdir-1.0.2.tgz",
      "integrity": "sha1-u+Z0BseaqFxc/sdm/lc0VV36EnQ="
    },
    "performance-now": {
      "version": "2.1.0",
      "resolved": "http://registry.corp.bianlifeng.com/performance-now/download/performance-now-2.1.0.tgz",
      "integrity": "sha1-Ywn04OX6kT7BxpMHrjZLSzd8nns="
    },
    "pinkie": {
      "version": "2.0.4",
      "resolved": "http://registry.corp.bianlifeng.com/pinkie/download/pinkie-2.0.4.tgz",
      "integrity": "sha1-clVrgM+g1IqXToDnckjoDtT3+HA="
    },
    "pinkie-promise": {
      "version": "2.0.1",
      "resolved": "http://registry.corp.bianlifeng.com/pinkie-promise/download/pinkie-promise-2.0.1.tgz",
      "integrity": "sha1-ITXW36ejWMBprJsXh3YogihFD/o=",
      "requires": {
        "pinkie": "2.0.4"
      }
    },
    "promise": {
      "version": "7.3.1",
      "resolved": "http://registry.corp.bianlifeng.com/promise/download/promise-7.3.1.tgz",
      "integrity": "sha1-BktyYCsY+Q8pGSuLG8QY/9Hr078=",
      "requires": {
        "asap": "2.0.6"
      }
    },
    "prop-types": {
      "version": "15.6.2",
      "resolved": "http://registry.corp.bianlifeng.com/prop-types/download/prop-types-15.6.2.tgz",
      "integrity": "sha1-BdXKd7RFPphdYPx/+MhZCUpJcQI=",
      "requires": {
        "loose-envify": "1.4.0",
        "object-assign": "4.1.1"
      }
    },
    "raf": {
      "version": "3.4.0",
      "resolved": "http://registry.corp.bianlifeng.com/raf/download/raf-3.4.0.tgz",
      "integrity": "sha1-ooh2iBtLwsqRF9QTgWPduA94FXU=",
      "requires": {
        "performance-now": "2.1.0"
      }
    },
    "rc-align": {
      "version": "2.4.3",
      "resolved": "http://registry.corp.bianlifeng.com/rc-align/download/rc-align-2.4.3.tgz",
      "integrity": "sha1-ubPCptaK2ucajh0EHNXjsqZV+Zo=",
      "requires": {
        "babel-runtime": "6.26.0",
        "dom-align": "1.8.0",
        "prop-types": "15.6.2",
        "rc-util": "4.6.0"
      }
    },
    "rc-animate": {
      "version": "2.5.4",
      "resolved": "http://registry.corp.bianlifeng.com/rc-animate/download/rc-animate-2.5.4.tgz",
      "integrity": "sha1-OzCMQuE3ouP7V4ZQ/bFFwhAPzDU=",
      "requires": {
        "babel-runtime": "6.26.0",
        "classnames": "2.2.6",
        "css-animation": "1.4.1",
        "prop-types": "15.6.2",
        "raf": "3.4.0",
        "react-lifecycles-compat": "3.0.4"
      }
    },
    "rc-calendar": {
      "version": "9.5.0",
      "resolved": "http://registry.corp.bianlifeng.com/rc-calendar/download/rc-calendar-9.5.0.tgz",
      "integrity": "sha1-g/PsqXfRwGdlQ3vXrNOaMIkPbwc=",
      "requires": {
        "babel-runtime": "6.26.0",
        "classnames": "2.2.6",
        "create-react-class": "15.6.3",
        "moment": "2.22.2",
        "prop-types": "15.6.2",
        "rc-trigger": "2.6.2",
        "rc-util": "4.6.0"
      }
    },
    "rc-cascader": {
      "version": "0.12.2",
      "resolved": "http://registry.corp.bianlifeng.com/rc-cascader/download/rc-cascader-0.12.2.tgz",
      "integrity": "sha1-LQj+RLUENkE308dI9RrDk0g+ezs=",
      "requires": {
        "array-tree-filter": "1.0.1",
        "prop-types": "15.6.2",
        "rc-trigger": "2.6.2",
        "rc-util": "4.6.0",
        "shallow-equal": "1.0.0"
      },
      "dependencies": {
        "array-tree-filter": {
          "version": "1.0.1",
          "resolved": "http://registry.corp.bianlifeng.com/array-tree-filter/download/array-tree-filter-1.0.1.tgz",
          "integrity": "sha1-CorR7v04zoiFhjL5zAQj12NOTV0="
        }
      }
    },
    "rc-checkbox": {
      "version": "2.1.5",
      "resolved": "http://registry.corp.bianlifeng.com/rc-checkbox/download/rc-checkbox-2.1.5.tgz",
      "integrity": "sha1-QRhYRIwO4qeX74VE2sY7yu73Iu8=",
      "requires": {
        "babel-runtime": "6.26.0",
        "classnames": "2.2.6",
        "prop-types": "15.6.2",
        "rc-util": "4.6.0"
      }
    },
    "rc-collapse": {
      "version": "1.8.0",
      "resolved": "http://registry.corp.bianlifeng.com/rc-collapse/download/rc-collapse-1.8.0.tgz",
      "integrity": "sha1-EHvZGT42sexTgcntn/T3JFp5rbU=",
      "requires": {
        "classnames": "2.2.6",
        "css-animation": "1.4.1",
        "prop-types": "15.6.2",
        "rc-animate": "2.5.4"
      }
    },
    "rc-dialog": {
      "version": "7.1.8",
      "resolved": "http://registry.corp.bianlifeng.com/rc-dialog/download/rc-dialog-7.1.8.tgz",
      "integrity": "sha1-VAJ0iiVt4uGa1ZD3Q5UMgjxt9rU=",
      "requires": {
        "babel-runtime": "6.26.0",
        "rc-animate": "2.5.4",
        "rc-util": "4.6.0"
      }
    },
    "rc-dropdown": {
      "version": "2.1.2",
      "resolved": "http://registry.corp.bianlifeng.com/rc-dropdown/download/rc-dropdown-2.1.2.tgz",
      "integrity": "sha1-+ZhE0uwXcHIy8kTdp1yNimI9AnI=",
      "requires": {
        "babel-runtime": "6.26.0",
        "prop-types": "15.6.2",
        "rc-trigger": "2.6.2",
        "react-lifecycles-compat": "3.0.4"
      }
    },
    "rc-editor-core": {
      "version": "0.8.8",
      "resolved": "http://registry.corp.bianlifeng.com/rc-editor-core/download/rc-editor-core-0.8.8.tgz",
      "integrity": "sha1-MxA0y41Q3yGIOfs5nN+yqRPnFjA=",
      "requires": {
        "babel-runtime": "6.26.0",
        "classnames": "2.2.6",
        "draft-js": "0.10.5",
        "immutable": "3.8.2",
        "lodash": "4.17.11",
        "prop-types": "15.6.2",
        "setimmediate": "1.0.5"
      }
    },
    "rc-editor-mention": {
      "version": "1.1.8",
      "resolved": "http://registry.corp.bianlifeng.com/rc-editor-mention/download/rc-editor-mention-1.1.8.tgz",
      "integrity": "sha1-CNr8ULGrmtTSNV7t1jCDc+pmRzo=",
      "requires": {
        "babel-runtime": "6.26.0",
        "classnames": "2.2.6",
        "dom-scroll-into-view": "1.2.1",
        "draft-js": "0.10.5",
        "immutable": "3.8.2",
        "prop-types": "15.6.2",
        "rc-animate": "2.5.4",
        "rc-editor-core": "0.8.8"
      }
    },
    "rc-form": {
      "version": "2.2.6",
      "resolved": "http://registry.corp.bianlifeng.com/rc-form/download/rc-form-2.2.6.tgz",
      "integrity": "sha1-c3vR6x9Fxs6CGFToYkjhRa22Iww=",
      "requires": {
        "async-validator": "1.8.5",
        "babel-runtime": "6.26.0",
        "create-react-class": "15.6.3",
        "dom-scroll-into-view": "1.2.1",
        "hoist-non-react-statics": "2.5.5",
        "lodash": "4.17.11",
        "warning": "3.0.0"
      }
    },
    "rc-hammerjs": {
      "version": "0.6.9",
      "resolved": "http://registry.corp.bianlifeng.com/rc-hammerjs/download/rc-hammerjs-0.6.9.tgz",
      "integrity": "sha1-mk3b2hsuyPm5WWCRpqmJhCokOQc=",
      "requires": {
        "babel-runtime": "6.26.0",
        "hammerjs": "2.0.8",
        "prop-types": "15.6.2"
      }
    },
    "rc-input-number": {
      "version": "4.0.13",
      "resolved": "http://registry.corp.bianlifeng.com/rc-input-number/download/rc-input-number-4.0.13.tgz",
      "integrity": "sha1-GKwwW/B7Z3GtDk7cl7Hhu7m3GRg=",
      "requires": {
        "babel-runtime": "6.26.0",
        "classnames": "2.2.6",
        "is-negative-zero": "2.0.0",
        "prop-types": "15.6.2",
        "rc-util": "4.6.0",
        "rmc-feedback": "2.0.0"
      }
    },
    "rc-menu": {
      "version": "6.2.11",
      "resolved": "http://registry.corp.bianlifeng.com/rc-menu/download/rc-menu-6.2.11.tgz",
      "integrity": "sha1-Vr7T7YQMLR/cnJ3ae8cel1rNIdQ=",
      "requires": {
        "babel-runtime": "6.26.0",
        "classnames": "2.2.6",
        "create-react-class": "15.6.3",
        "dom-scroll-into-view": "1.2.1",
        "mini-store": "1.1.2",
        "prop-types": "15.6.2",
        "rc-animate": "2.5.4",
        "rc-trigger": "2.6.2",
        "rc-util": "4.6.0"
      }
    },
    "rc-notification": {
      "version": "3.0.1",
      "resolved": "http://registry.corp.bianlifeng.com/rc-notification/download/rc-notification-3.0.1.tgz",
      "integrity": "sha1-ndy4MYla1AlDp+HfNJUapwUXO84=",
      "requires": {
        "babel-runtime": "6.26.0",
        "classnames": "2.2.6",
        "prop-types": "15.6.2",
        "rc-animate": "2.5.4",
        "rc-util": "4.6.0"
      }
    },
    "rc-pagination": {
      "version": "1.15.2",
      "resolved": "http://registry.corp.bianlifeng.com/rc-pagination/download/rc-pagination-1.15.2.tgz",
      "integrity": "sha1-JrUUAUJjGIdlrTi+mWnerE04eq4=",
      "requires": {
        "babel-runtime": "6.26.0",
        "prop-types": "15.6.2"
      }
    },
    "rc-progress": {
      "version": "2.2.6",
      "resolved": "http://registry.corp.bianlifeng.com/rc-progress/download/rc-progress-2.2.6.tgz",
      "integrity": "sha1-1dB8BzM7NSqe8TIwxZQOEzNsHmI=",
      "requires": {
        "babel-runtime": "6.26.0",
        "prop-types": "15.6.2"
      }
    },
    "rc-rate": {
      "version": "2.4.2",
      "resolved": "http://registry.corp.bianlifeng.com/rc-rate/download/rc-rate-2.4.2.tgz",
      "integrity": "sha1-wJe/26eleDzsKHySixRhzBYh+DY=",
      "requires": {
        "babel-runtime": "6.26.0",
        "classnames": "2.2.6",
        "prop-types": "15.6.2",
        "rc-util": "4.6.0"
      }
    },
    "rc-select": {
      "version": "7.7.8",
      "resolved": "http://registry.corp.bianlifeng.com/rc-select/download/rc-select-7.7.8.tgz",
      "integrity": "sha1-Mzx+TfNJmGpWazYNYhAeQXbXcsc=",
      "requires": {
        "babel-runtime": "6.26.0",
        "classnames": "2.2.6",
        "component-classes": "1.2.6",
        "dom-scroll-into-view": "1.2.1",
        "prop-types": "15.6.2",
        "rc-animate": "2.5.4",
        "rc-menu": "6.2.11",
        "rc-trigger": "2.6.2",
        "rc-util": "4.6.0",
        "warning": "3.0.0"
      }
    },
    "rc-slider": {
      "version": "8.6.3",
      "resolved": "http://registry.corp.bianlifeng.com/rc-slider/download/rc-slider-8.6.3.tgz",
      "integrity": "sha1-HKDgvShjJSdB3nXnv4yfLPz/zLc=",
      "requires": {
        "babel-runtime": "6.26.0",
        "classnames": "2.2.6",
        "prop-types": "15.6.2",
        "rc-tooltip": "3.7.3",
        "rc-util": "4.6.0",
        "shallowequal": "1.1.0",
        "warning": "3.0.0"
      }
    },
    "rc-steps": {
      "version": "3.1.1",
      "resolved": "http://registry.corp.bianlifeng.com/rc-steps/download/rc-steps-3.1.1.tgz",
      "integrity": "sha1-eVg62AgwnYK44BFnYyHRU/18pAM=",
      "requires": {
        "babel-runtime": "6.26.0",
        "classnames": "2.2.6",
        "lodash": "4.17.11",
        "prop-types": "15.6.2"
      }
    },
    "rc-switch": {
      "version": "1.6.0",
      "resolved": "http://registry.corp.bianlifeng.com/rc-switch/download/rc-switch-1.6.0.tgz",
      "integrity": "sha1-wtc2m9uHwf1F6EmJonwfsvIB0v0=",
      "requires": {
        "babel-runtime": "6.26.0",
        "classnames": "2.2.6",
        "prop-types": "15.6.2"
      }
    },
    "rc-table": {
      "version": "6.1.15",
      "resolved": "http://registry.corp.bianlifeng.com/rc-table/download/rc-table-6.1.15.tgz",
      "integrity": "sha1-wto3EYYmYE3nB0Kuh7/6/hc1EYk=",
      "requires": {
        "babel-runtime": "6.26.0",
        "component-classes": "1.2.6",
        "lodash": "4.17.11",
        "mini-store": "1.1.2",
        "prop-types": "15.6.2",
        "rc-util": "4.6.0",
        "react-lifecycles-compat": "3.0.4",
        "shallowequal": "1.1.0",
        "warning": "3.0.0"
      }
    },
    "rc-tabs": {
      "version": "9.2.6",
      "resolved": "http://registry.corp.bianlifeng.com/rc-tabs/download/rc-tabs-9.2.6.tgz",
      "integrity": "sha1-S9iAhklrTy0Zx1yDL+fsCOaxZD0=",
      "requires": {
        "babel-runtime": "6.26.0",
        "classnames": "2.2.6",
        "create-react-class": "15.6.3",
        "lodash": "4.17.11",
        "prop-types": "15.6.2",
        "rc-hammerjs": "0.6.9",
        "rc-util": "4.6.0",
        "warning": "3.0.0"
      }
    },
    "rc-time-picker": {
      "version": "3.2.1",
      "resolved": "http://registry.corp.bianlifeng.com/rc-time-picker/download/rc-time-picker-3.2.1.tgz",
      "integrity": "sha1-4QX+0ygUu5XzfbxgtJSVzXh6v6I=",
      "requires": {
        "babel-runtime": "6.26.0",
        "classnames": "2.2.6",
        "moment": "2.22.2",
        "prop-types": "15.6.2",
        "rc-trigger": "2.6.2"
      }
    },
    "rc-tooltip": {
      "version": "3.7.3",
      "resolved": "http://registry.corp.bianlifeng.com/rc-tooltip/download/rc-tooltip-3.7.3.tgz",
      "integrity": "sha1-KArsavyqROjf8EgPuv+eh/wArsw=",
      "requires": {
        "babel-runtime": "6.26.0",
        "prop-types": "15.6.2",
        "rc-trigger": "2.6.2"
      }
    },
    "rc-tree": {
      "version": "1.7.11",
      "resolved": "http://registry.corp.bianlifeng.com/rc-tree/download/rc-tree-1.7.11.tgz",
      "integrity": "sha1-NJ3mOD/H0iv0wTsHUXlBEQIq3d8=",
      "requires": {
        "babel-runtime": "6.26.0",
        "classnames": "2.2.6",
        "prop-types": "15.6.2",
        "rc-animate": "2.5.4",
        "rc-util": "4.6.0",
        "warning": "3.0.0"
      }
    },
    "rc-tree-select": {
      "version": "1.12.13",
      "resolved": "http://registry.corp.bianlifeng.com/rc-tree-select/download/rc-tree-select-1.12.13.tgz",
      "integrity": "sha1-O/VoSj44+/v4zBSdT0pdYvXvDUc=",
      "requires": {
        "babel-runtime": "6.26.0",
        "classnames": "2.2.6",
        "prop-types": "15.6.2",
        "rc-animate": "2.5.4",
        "rc-tree": "1.7.11",
        "rc-trigger": "2.6.2",
        "rc-util": "4.6.0"
      }
    },
    "rc-trigger": {
      "version": "2.6.2",
      "resolved": "http://registry.corp.bianlifeng.com/rc-trigger/download/rc-trigger-2.6.2.tgz",
      "integrity": "sha1-qcCbpfrWOvOy7EY0nH22y0ZlcAE=",
      "requires": {
        "babel-runtime": "6.26.0",
        "classnames": "2.2.6",
        "prop-types": "15.6.2",
        "rc-align": "2.4.3",
        "rc-animate": "2.5.4",
        "rc-util": "4.6.0"
      }
    },
    "rc-upload": {
      "version": "2.4.4",
      "resolved": "http://registry.corp.bianlifeng.com/rc-upload/download/rc-upload-2.4.4.tgz",
      "integrity": "sha1-KOHmo+RNGx+S5X4hknz6J2OsKiE=",
      "requires": {
        "babel-runtime": "6.26.0",
        "classnames": "2.2.6",
        "prop-types": "15.6.2",
        "warning": "2.1.0"
      },
      "dependencies": {
        "warning": {
          "version": "2.1.0",
          "resolved": "http://registry.corp.bianlifeng.com/warning/download/warning-2.1.0.tgz",
          "integrity": "sha1-ISINnGOvx3qMkhEeARr3Bc4MaQE=",
          "requires": {
            "loose-envify": "1.4.0"
          }
        }
      }
    },
    "rc-util": {
      "version": "4.6.0",
      "resolved": "http://registry.corp.bianlifeng.com/rc-util/download/rc-util-4.6.0.tgz",
      "integrity": "sha1-ujNyF4MZLsTzr7JZ4YKwTlXet/Y=",
      "requires": {
        "add-dom-event-listener": "1.1.0",
        "babel-runtime": "6.26.0",
        "prop-types": "15.6.2",
        "shallowequal": "0.2.2"
      },
      "dependencies": {
        "shallowequal": {
          "version": "0.2.2",
          "resolved": "http://registry.corp.bianlifeng.com/shallowequal/download/shallowequal-0.2.2.tgz",
          "integrity": "sha1-HjL9W8q2rWiKSBLLDMBO/HXHAU4=",
          "requires": {
            "lodash.keys": "3.1.2"
          }
        }
      }
    },
    "react-lazy-load": {
      "version": "3.0.13",
      "resolved": "http://registry.corp.bianlifeng.com/react-lazy-load/download/react-lazy-load-3.0.13.tgz",
      "integrity": "sha1-OwqS0zbUPT8Nc8vm81sXBQsIuCQ=",
      "requires": {
        "eventlistener": "0.0.1",
        "lodash.debounce": "4.0.8",
        "lodash.throttle": "4.1.1",
        "prop-types": "15.6.2"
      }
    },
    "react-lifecycles-compat": {
      "version": "3.0.4",
      "resolved": "http://registry.corp.bianlifeng.com/react-lifecycles-compat/download/react-lifecycles-compat-3.0.4.tgz",
      "integrity": "sha1-TxonOv38jzSIqMUWv9p4+HI1I2I="
    },
    "react-slick": {
      "version": "0.17.1",
      "resolved": "http://registry.corp.bianlifeng.com/react-slick/download/react-slick-0.17.1.tgz",
      "integrity": "sha1-ZLaiPTs4IwR+bnBaNXgwFIPah0g=",
      "requires": {
        "can-use-dom": "0.1.0",
        "classnames": "2.2.6",
        "create-react-class": "15.6.3",
        "enquire.js": "2.1.6",
        "json2mq": "0.2.0",
        "object-assign": "4.1.1",
        "opencollective": "1.0.3"
      }
    },
    "regenerator-runtime": {
      "version": "0.11.1",
      "resolved": "http://registry.corp.bianlifeng.com/regenerator-runtime/download/regenerator-runtime-0.11.1.tgz",
      "integrity": "sha1-vgWtf5v30i4Fb5cmzuUBf78Z4uk="
    },
    "restore-cursor": {
      "version": "2.0.0",
      "resolved": "http://registry.corp.bianlifeng.com/restore-cursor/download/restore-cursor-2.0.0.tgz",
      "integrity": "sha1-n37ih/gv0ybU/RYpI9YhKe7g368=",
      "requires": {
        "onetime": "2.0.1",
        "signal-exit": "3.0.2"
      }
    },
    "rmc-feedback": {
      "version": "2.0.0",
      "resolved": "http://registry.corp.bianlifeng.com/rmc-feedback/download/rmc-feedback-2.0.0.tgz",
      "integrity": "sha1-y8bLOuY8emNe7w4l5PuvWsNm7qo=",
      "requires": {
        "babel-runtime": "6.26.0",
        "classnames": "2.2.6"
      }
    },
    "run-async": {
      "version": "2.3.0",
      "resolved": "http://registry.corp.bianlifeng.com/run-async/download/run-async-2.3.0.tgz",
      "integrity": "sha1-A3GrSuC91yDUFm19/aZP96RFpsA=",
      "requires": {
        "is-promise": "2.1.0"
      }
    },
    "rx": {
      "version": "4.1.0",
      "resolved": "http://registry.corp.bianlifeng.com/rx/download/rx-4.1.0.tgz",
      "integrity": "sha1-pfE/957zt0D+MKqAP7CfmIBdR4I="
    },
    "safer-buffer": {
      "version": "2.1.2",
      "resolved": "http://registry.corp.bianlifeng.com/safer-buffer/download/safer-buffer-2.1.2.tgz",
      "integrity": "sha1-RPoWGwGHuVSd2Eu5GAL5vYOFzWo="
    },
    "setimmediate": {
      "version": "1.0.5",
      "resolved": "http://registry.corp.bianlifeng.com/setimmediate/download/setimmediate-1.0.5.tgz",
      "integrity": "sha1-KQy7Iy4waULX1+qbg3Mqt4VvgoU="
    },
    "shallow-equal": {
      "version": "1.0.0",
      "resolved": "http://registry.corp.bianlifeng.com/shallow-equal/download/shallow-equal-1.0.0.tgz",
      "integrity": "sha1-UI0YOLPeWQq4dXsBGyXkMJAJRfc="
    },
    "shallowequal": {
      "version": "1.1.0",
      "resolved": "http://registry.corp.bianlifeng.com/shallowequal/download/shallowequal-1.1.0.tgz",
      "integrity": "sha1-GI1SHelbkIdAT9TctosT3wrk5/g="
    },
    "signal-exit": {
      "version": "3.0.2",
      "resolved": "http://registry.corp.bianlifeng.com/signal-exit/download/signal-exit-3.0.2.tgz",
      "integrity": "sha1-tf3AjxKH6hF4Yo5BXiUTK3NkbG0="
    },
    "string-convert": {
      "version": "0.2.1",
      "resolved": "http://registry.corp.bianlifeng.com/string-convert/download/string-convert-0.2.1.tgz",
      "integrity": "sha1-aYLMMEn7tM2F+LJFaLnZvznu/5c="
    },
    "string-width": {
      "version": "2.1.1",
      "resolved": "http://registry.corp.bianlifeng.com/string-width/download/string-width-2.1.1.tgz",
      "integrity": "sha1-q5Pyeo3BPSjKyBXEYhQ6bZASrp4=",
      "requires": {
        "is-fullwidth-code-point": "2.0.0",
        "strip-ansi": "4.0.0"
      },
      "dependencies": {
        "ansi-regex": {
          "version": "3.0.0",
          "resolved": "http://registry.corp.bianlifeng.com/ansi-regex/download/ansi-regex-3.0.0.tgz",
          "integrity": "sha1-7QMXwyIGT3lGbAKWa922Bas32Zg="
        },
        "strip-ansi": {
          "version": "4.0.0",
          "resolved": "http://registry.corp.bianlifeng.com/strip-ansi/download/strip-ansi-4.0.0.tgz",
          "integrity": "sha1-qEeQIusaw2iocTibY1JixQXuNo8=",
          "requires": {
            "ansi-regex": "3.0.0"
          }
        }
      }
    },
    "strip-ansi": {
      "version": "3.0.1",
      "resolved": "http://registry.corp.bianlifeng.com/strip-ansi/download/strip-ansi-3.0.1.tgz",
      "integrity": "sha1-ajhfuIU9lS1f8F0Oiq+UJ43GPc8=",
      "requires": {
        "ansi-regex": "2.1.1"
      }
    },
    "supports-color": {
      "version": "2.0.0",
      "resolved": "http://registry.corp.bianlifeng.com/supports-color/download/supports-color-2.0.0.tgz",
      "integrity": "sha1-U10EXOa2Nj+kARcIRimZXp3zJMc="
    },
    "through": {
      "version": "2.3.8",
      "resolved": "http://registry.corp.bianlifeng.com/through/download/through-2.3.8.tgz",
      "integrity": "sha1-DdTJ/6q8NXlgsbckEV1+Doai4fU="
    },
    "tmp": {
      "version": "0.0.33",
      "resolved": "http://registry.corp.bianlifeng.com/tmp/download/tmp-0.0.33.tgz",
      "integrity": "sha1-bTQzWIl2jSGyvNoKonfO07G/rfk=",
      "requires": {
        "os-tmpdir": "1.0.2"
      }
    },
    "ua-parser-js": {
      "version": "0.7.19",
      "resolved": "http://registry.corp.bianlifeng.com/ua-parser-js/download/ua-parser-js-0.7.19.tgz",
      "integrity": "sha1-lBUb5MCn+x0AGvcCL9rKRkJlnks="
    },
    "warning": {
      "version": "3.0.0",
      "resolved": "http://registry.corp.bianlifeng.com/warning/download/warning-3.0.0.tgz",
      "integrity": "sha1-MuU3fLVy3kqwR1O9+IIcAe1gW3w=",
      "requires": {
        "loose-envify": "1.4.0"
      }
    },
    "whatwg-fetch": {
      "version": "3.0.0",
      "resolved": "http://registry.corp.bianlifeng.com/whatwg-fetch/download/whatwg-fetch-3.0.0.tgz",
      "integrity": "sha1-/IBORYzEYACbGiuWa8iBfSV4rvs="
    },
    "worm-fetch": {
      "version": "1.0.9",
      "resolved": "http://registry.corp.bianlifeng.com/worm-fetch/download/worm-fetch-1.0.9.tgz",
      "integrity": "sha1-YkhJtRCRhIeKj9Lx1867PZw3OVE="
    }
  }
}